// !$*UTF8*$!
{
	archiveVersion = 1;
	classes = {
	};
	objectVersion = 48;
	objects = {

/* Begin PBXBuildFile section */
		746AB06420588BCA00D624CE /* AppDelegate.swift in Sources */ = {isa = PBXBuildFile; fileRef = 746AB06320588BCA00D624CE /* AppDelegate.swift */; };
		746AB06620588BCA00D624CE /* ViewController.swift in Sources */ = {isa = PBXBuildFile; fileRef = 746AB06520588BCA00D624CE /* ViewController.swift */; };
		746AB06920588BCA00D624CE /* Main.storyboard in Resources */ = {isa = PBXBuildFile; fileRef = 746AB06720588BCA00D624CE /* Main.storyboard */; };
		746AB06C20588BCA00D624CE /* KeepFit.xcdatamodeld in Sources */ = {isa = PBXBuildFile; fileRef = 746AB06A20588BCA00D624CE /* KeepFit.xcdatamodeld */; };
		746AB06E20588BCA00D624CE /* Assets.xcassets in Resources */ = {isa = PBXBuildFile; fileRef = 746AB06D20588BCA00D624CE /* Assets.xcassets */; };
		746AB07120588BCA00D624CE /* LaunchScreen.storyboard in Resources */ = {isa = PBXBuildFile; fileRef = 746AB06F20588BCA00D624CE /* LaunchScreen.storyboard */; };
/* End PBXBuildFile section */

/* Begin PBXFileReference section */
		746AB06020588BCA00D624CE /* KeepFit.app */ = {isa = PBXFileReference; explicitFileType = wrapper.application; includeInIndex = 0; path = KeepFit.app; sourceTree = BUILT_PRODUCTS_DIR; };
		746AB06320588BCA00D624CE /* AppDelegate.swift */ = {isa = PBXFileReference; lastKnownFileType = sourcecode.swift; path = AppDelegate.swift; sourceTree = "<group>"; };
		746AB06520588BCA00D624CE /* ViewController.swift */ = {isa = PBXFileReference; lastKnownFileType = sourcecode.swift; path = ViewController.swift; sourceTree = "<group>"; };
		746AB06820588BCA00D624CE /* Base */ = {isa = PBXFileReference; lastKnownFileType = file.storyboard; name = Base; path = Base.lproj/Main.storyboard; sourceTree = "<group>"; };
		746AB06B20588BCA00D624CE /* KeepFit.xcdatamodel */ = {isa = PBXFileReference; lastKnownFileType = wrapper.xcdatamodel; path = KeepFit.xcdatamodel; sourceTree = "<group>"; };
		746AB06D20588BCA00D624CE /* Assets.xcassets */ = {isa = PBXFileReference; lastKnownFileType = folder.assetcatalog; path = Assets.xcassets; sourceTree = "<group>"; };
		746AB07020588BCA00D624CE /* Base */ = {isa = PBXFileReference; lastKnownFileType = file.storyboard; name = Base; path = Base.lproj/LaunchScreen.storyboard; sourceTree = "<group>"; };
		746AB07220588BCA00D624CE /* Info.plist */ = {isa = PBXFileReference; lastKnownFileType = text.plist.xml; path = Info.plist; sourceTree = "<group>"; };
/* End PBXFileReference section */

/* Begin PBXFrameworksBuildPhase section */
		746AB05D20588BCA00D624CE /* Frameworks */ = {
			isa = PBXFrameworksBuildPhase;
			buildActionMask = 2147483647;
			files = (
			);
			runOnlyForDeploymentPostprocessing = 0;
		};
/* End PBXFrameworksBuildPhase section */

/* Begin PBXGroup section */
		746AB05720588BCA00D624CE = {
			isa = PBXGroup;
			children = (
				746AB06220588BCA00D624CE /* KeepFit */,
				746AB06120588BCA00D624CE /* Products */,
			);
			sourceTree = "<group>";
		};
		746AB06120588BCA00D624CE /* Products */ = {
			isa = PBXGroup;
			children = (
				746AB06020588BCA00D624CE /* KeepFit.app */,
			);
			name = Products;
			sourceTree = "<group>";
		};
		746AB06220588BCA00D624CE /* KeepFit */ = {
			isa = PBXGroup;
			children = (
				746AB06320588BCA00D624CE /* AppDelegate.swift */,
				746AB06520588BCA00D624CE /* ViewController.swift */,
				746AB06720588BCA00D624CE /* Main.storyboard */,
				746AB06D20588BCA00D624CE /* Assets.xcassets */,
				746AB06F20588BCA00D624CE /* LaunchScreen.storyboard */,
				746AB07220588BCA00D624CE /* Info.plist */,
				746AB06A20588BCA00D624CE /* KeepFit.xcdatamodeld */,
			);
			path = KeepFit;
			sourceTree = "<group>";
		};
/* End PBXGroup section */

/* Begin PBXNativeTarget section */
		746AB05F20588BCA00D624CE /* KeepFit */ = {
			isa = PBXNativeTarget;
			buildConfigurationList = 746AB07520588BCA00D624CE /* Build configuration list for PBXNativeTarget "KeepFit" */;
			buildPhases = (
				746AB05C20588BCA00D624CE /* Sources */,
				746AB05D20588BCA00D624CE /* Frameworks */,
				746AB05E20588BCA00D624CE /* Resources */,
			);
			buildRules = (
			);
			dependencies = (
			);
			name = KeepFit;
			productName = KeepFit;
			productReference = 746AB06020588BCA00D624CE /* KeepFit.app */;
			productType = "com.apple.product-type.application";
		};
/* End PBXNativeTarget section */

/* Begin PBXProject section */
		746AB05820588BCA00D624CE /* Project object */ = {
			isa = PBXProject;
			attributes = {
				LastSwiftUpdateCheck = 0920;
				LastUpgradeCheck = 0920;
				ORGANIZATIONNAME = "Vlady Veselinov";
				TargetAttributes = {
					746AB05F20588BCA00D624CE = {
						CreatedOnToolsVersion = 9.2;
						ProvisioningStyle = Automatic;
					};
				};
			};
			buildConfigurationList = 746AB05B20588BCA00D624CE /* Build configuration list for PBXProject "KeepFit" */;
			compatibilityVersion = "Xcode 8.0";
			developmentRegion = en;
			hasScannedForEncodings = 0;
			knownRegions = (
				en,
				Base,
			);
			mainGroup = 746AB05720588BCA00D624CE;
			productRefGroup = 746AB06120588BCA00D624CE /* Products */;
			projectDirPath = "";
			projectRoot = "";
			targets = (
				746AB05F20588BCA00D624CE /* KeepFit */,
			);
		};
/* End PBXProject section */

/* Begin PBXResourcesBuildPhase section */
		746AB05E20588BCA00D624CE /* Resources */ = {
			isa = PBXResourcesBuildPhase;
			buildActionMask = 2147483647;
			files = (
				746AB07120588BCA00D624CE /* LaunchScreen.storyboard in Resources */,
				746AB06E20588BCA00D624CE /* Assets.xcassets in Resources */,
				746AB06920588BCA00D624CE /* Main.storyboard in Resources */,
			);
			runOnlyForDeploymentPostprocessing = 0;
		};
/* End PBXResourcesBuildPhase section */

/* Begin PBXSourcesBuildPhase section */
		746AB05C20588BCA00D624CE /* Sources */ = {
			isa = PBXSourcesBuildPhase;
			buildActionMask = 2147483647;
			files = (
				746AB06620588BCA00D624CE /* ViewController.swift in Sources */,
				746AB06420588BCA00D624CE /* AppDelegate.swift in Sources */,
				746AB06C20588BCA00D624CE /* KeepFit.xcdatamodeld in Sources */,
			);
			runOnlyForDeploymentPostprocessing = 0;
		};
/* End PBXSourcesBuildPhase section */

/* Begin PBXVariantGroup section */
		746AB06720588BCA00D624CE /* Main.storyboard */ = {
			isa = PBXVariantGroup;
			children = (
				746AB06820588BCA00D624CE /* Base */,
			);
			name = Main.storyboard;
			sourceTree = "<group>";
		};
		746AB06F20588BCA00D624CE /* LaunchScreen.storyboard */ = {
			isa = PBXVariantGroup;
			children = (
				746AB07020588BCA00D624CE /* Base */,
			);
			name = LaunchScreen.storyboard;
			sourceTree = "<group>";
		};
/* End PBXVariantGroup section */

/* Begin XCBuildConfiguration section */
		746AB07320588BCA00D624CE /* Debug */ = {
			isa = XCBuildConfiguration;
			buildSettings = {
				ALWAYS_SEARCH_USER_PATHS = NO;
				CLANG_ANALYZER_NONNULL = YES;
				CLANG_ANALYZER_NUMBER_OBJECT_CONVERSION = YES_AGGRESSIVE;
				CLANG_CXX_LANGUAGE_STANDARD = "gnu++14";
				CLANG_CXX_LIBRARY = "libc++";
				CLANG_ENABLE_MODULES = YES;
				CLANG_ENABLE_OBJC_ARC = YES;
				CLANG_WARN_BLOCK_CAPTURE_AUTORELEASING = YES;
				CLANG_WARN_BOOL_CONVERSION = YES;
				CLANG_WARN_COMMA = YES;
				CLANG_WARN_CONSTANT_CONVERSION = YES;
				CLANG_WARN_DIRECT_OBJC_ISA_USAGE = YES_ERROR;
				CLANG_WARN_DOCUMENTATION_COMMENTS = YES;
				CLANG_WARN_EMPTY_BODY = YES;
				CLANG_WARN_ENUM_CONVERSION = YES;
				CLANG_WARN_INFINITE_RECURSION = YES;
				CLANG_WARN_INT_CONVERSION = YES;
				CLANG_WARN_NON_LITERAL_NULL_CONVERSION = YES;
				CLANG_WARN_OBJC_LITERAL_CONVERSION = YES;
				CLANG_WARN_OBJC_ROOT_CLASS = YES_ERROR;
				CLANG_WARN_RANGE_LOOP_ANALYSIS = YES;
				CLANG_WARN_STRICT_PROTOTYPES = YES;
				CLANG_WARN_SUSPICIOUS_MOVE = YES;
				CLANG_WARN_UNGUARDED_AVAILABILITY = YES_AGGRESSIVE;
				CLANG_WARN_UNREACHABLE_CODE = YES;
				CLANG_WARN__DUPLICATE_METHOD_MATCH = YES;
				CODE_SIGN_IDENTITY = "iPhone Developer";
				COPY_PHASE_STRIP = NO;
				DEBUG_INFORMATION_FORMAT = dwarf;
				ENABLE_STRICT_OBJC_MSGSEND = YES;
				ENABLE_TESTABILITY = YES;
				GCC_C_LANGUAGE_STANDARD = gnu11;
				GCC_DYNAMIC_NO_PIC = NO;
				GCC_NO_COMMON_BLOCKS = YES;
				GCC_OPTIMIZATION_LEVEL = 0;
				GCC_PREPROCESSOR_DEFINITIONS = (
					"DEBUG=1",
					"$(inherited)",
				);
				GCC_WARN_64_TO_32_BIT_CONVERSION = YES;
				GCC_WARN_ABOUT_RETURN_TYPE = YES_ERROR;
				GCC_WARN_UNDECLARED_SELECTOR = YES;
				GCC_WARN_UNINITIALIZED_AUTOS = YES_AGGRESSIVE;
				GCC_WARN_UNUSED_FUNCTION = YES;
				GCC_WARN_UNUSED_VARIABLE = YES;
				IPHONEOS_DEPLOYMENT_TARGET = 11.2;
				MTL_ENABLE_DEBUG_INFO = YES;
				ONLY_ACTIVE_ARCH = YES;
				SDKROOT = iphoneos;
				SWIFT_ACTIVE_COMPILATION_CONDITIONS = DEBUG;
				SWIFT_OPTIMIZATION_LEVEL = "-Onone";
			};
			name = Debug;
		};
		746AB07420588BCA00D624CE /* Release */ = {
			isa = XCBuildConfiguration;
			buildSettings = {
				ALWAYS_SEARCH_USER_PATHS = NO;
				CLANG_ANALYZER_NONNULL = YES;
				CLANG_ANALYZER_NUMBER_OBJECT_CONVERSION = YES_AGGRESSIVE;
				CLANG_CXX_LANGUAGE_STANDARD = "gnu++14";
				CLANG_CXX_LIBRARY = "libc++";
				CLANG_ENABLE_MODULES = YES;
				CLANG_ENABLE_OBJC_ARC = YES;
				CLANG_WARN_BLOCK_CAPTURE_AUTORELEASING = YES;
				CLANG_WARN_BOOL_CONVERSION = YES;
				CLANG_WARN_COMMA = YES;
				CLANG_WARN_CONSTANT_CONVERSION = YES;
				CLANG_WARN_DIRECT_OBJC_ISA_USAGE = YES_ERROR;
				CLANG_WARN_DOCUMENTATION_COMMENTS = YES;
				CLANG_WARN_EMPTY_BODY = YES;
				CLANG_WARN_ENUM_CONVERSION = YES;
				CLANG_WARN_INFINITE_RECURSION = YES;
				CLANG_WARN_INT_CONVERSION = YES;
				CLANG_WARN_NON_LITERAL_NULL_CONVERSION = YES;
				CLANG_WARN_OBJC_LITERAL_CONVERSION = YES;
				CLANG_WARN_OBJC_ROOT_CLASS = YES_ERROR;
				CLANG_WARN_RANGE_LOOP_ANALYSIS = YES;
				CLANG_WARN_STRICT_PROTOTYPES = YES;
				CLANG_WARN_SUSPICIOUS_MOVE = YES;
				CLANG_WARN_UNGUARDED_AVAILABILITY = YES_AGGRESSIVE;
				CLANG_WARN_UNREACHABLE_CODE = YES;
				CLANG_WARN__DUPLICATE_METHOD_MATCH = YES;
				CODE_SIGN_IDENTITY = "iPhone Developer";
				COPY_PHASE_STRIP = NO;
				DEBUG_INFORMATION_FORMAT = "dwarf-with-dsym";
				ENABLE_NS_ASSERTIONS = NO;
				ENABLE_STRICT_OBJC_MSGSEND = YES;
				GCC_C_LANGUAGE_STANDARD = gnu11;
				GCC_NO_COMMON_BLOCKS = YES;
				GCC_WARN_64_TO_32_BIT_CONVERSION = YES;
				GCC_WARN_ABOUT_RETURN_TYPE = YES_ERROR;
				GCC_WARN_UNDECLARED_SELECTOR = YES;
				GCC_WARN_UNINITIALIZED_AUTOS = YES_AGGRESSIVE;
				GCC_WARN_UNUSED_FUNCTION = YES;
				GCC_WARN_UNUSED_VARIABLE = YES;
				IPHONEOS_DEPLOYMENT_TARGET = 11.2;
				MTL_ENABLE_DEBUG_INFO = NO;
				SDKROOT = iphoneos;
				SWIFT_OPTIMIZATION_LEVEL = "-Owholemodule";
				VALIDATE_PRODUCT = YES;
			};
			name = Release;
		};
		746AB07620588BCA00D624CE /* Debug */ = {
			isa = XCBuildConfiguration;
			buildSettings = {
				ASSETCATALOG_COMPILER_APPICON_NAME = AppIcon;
				CODE_SIGN_STYLE = Automatic;
				DEVELOPMENT_TEAM = 73E7VHNUEY;
				INFOPLIST_FILE = KeepFit/Info.plist;
				LD_RUNPATH_SEARCH_PATHS = "$(inherited) @executable_path/Frameworks";
				PRODUCT_BUNDLE_IDENTIFIER = com.vlady.KeepFit;
				PRODUCT_NAME = "$(TARGET_NAME)";
				SWIFT_VERSION = 4.0;
				TARGETED_DEVICE_FAMILY = "1,2";
			};
			name = Debug;
		};
		746AB07720588BCA00D624CE /* Release */ = {
			isa = XCBuildConfiguration;
			buildSettings = {
				ASSETCATALOG_COMPILER_APPICON_NAME = AppIcon;
				CODE_SIGN_STYLE = Automatic;
				DEVELOPMENT_TEAM = 73E7VHNUEY;
				INFOPLIST_FILE = KeepFit/Info.plist;
				LD_RUNPATH_SEARCH_PATHS = "$(inherited) @executable_path/Frameworks";
				PRODUCT_BUNDLE_IDENTIFIER = com.vlady.KeepFit;
				PRODUCT_NAME = "$(TARGET_NAME)";
				SWIFT_VERSION = 4.0;
				TARGETED_DEVICE_FAMILY = "1,2";
			};
			name = Release;
		};
/* End XCBuildConfiguration section */

/* Begin XCConfigurationList section */
		746AB05B20588BCA00D624CE /* Build configuration list for PBXProject "KeepFit" */ = {
			isa = XCConfigurationList;
			buildConfigurations = (
				746AB07320588BCA00D624CE /* Debug */,
				746AB07420588BCA00D624CE /* Release */,
			);
			defaultConfigurationIsVisible = 0;
			defaultConfigurationName = Release;
		};
		746AB07520588BCA00D624CE /* Build configuration list for PBXNativeTarget "KeepFit" */ = {
			isa = XCConfigurationList;
			buildConfigurations = (
				746AB07620588BCA00D624CE /* Debug */,
				746AB07720588BCA00D624CE /* Release */,
			);
			defaultConfigurationIsVisible = 0;
			defaultConfigurationName = Release;
		};
/* End XCConfigurationList section */

/* Begin XCVersionGroup section */
		746AB06A20588BCA00D624CE /* KeepFit.xcdatamodeld */ = {
			isa = XCVersionGroup;
			children = (
				746AB06B20588BCA00D624CE /* KeepFit.xcdatamodel */,
			);
			currentVersion = 746AB06B20588BCA00D624CE /* KeepFit.xcdatamodel */;
			path = KeepFit.xcdatamodeld;
			sourceTree = "<group>";
			versionGroupType = wrapper.xcdatamodel;
		};
/* End XCVersionGroup section */
	};
	rootObject = 746AB05820588BCA00D624CE /* Project object */;
}
