// !$*UTF8*$!
{
	archiveVersion = 1;
	classes = {
	};
	objectVersion = 48;
	objects = {

/* Begin PBXBuildFile section */
		740B484620588C5800A839B6 /* Goal+CoreDataProperties.swift in Sources */ = {isa = PBXBuildFile; fileRef = 740B484120588C5800A839B6 /* Goal+CoreDataProperties.swift */; };
		740B484720588C5800A839B6 /* Goal+CoreDataClass.swift in Sources */ = {isa = PBXBuildFile; fileRef = 740B484220588C5800A839B6 /* Goal+CoreDataClass.swift */; };
		746AB06420588BCA00D624CE /* AppDelegate.swift in Sources */ = {isa = PBXBuildFile; fileRef = 746AB06320588BCA00D624CE /* AppDelegate.swift */; };
		746AB06C20588BCA00D624CE /* KeepFit.xcdatamodeld in Sources */ = {isa = PBXBuildFile; fileRef = 746AB06A20588BCA00D624CE /* KeepFit.xcdatamodeld */; };
		746AB06E20588BCA00D624CE /* Assets.xcassets in Resources */ = {isa = PBXBuildFile; fileRef = 746AB06D20588BCA00D624CE /* Assets.xcassets */; };
		746AB07120588BCA00D624CE /* LaunchScreen.storyboard in Resources */ = {isa = PBXBuildFile; fileRef = 746AB06F20588BCA00D624CE /* LaunchScreen.storyboard */; };
		748E1C1B205999F50058C971 /* GoalTableControler.swift in Sources */ = {isa = PBXBuildFile; fileRef = 748E1C1A205999F50058C971 /* GoalTableControler.swift */; };
		74AD84A020588F1100A0A547 /* HistoryPageCell.swift in Sources */ = {isa = PBXBuildFile; fileRef = 74AD849B20588F1100A0A547 /* HistoryPageCell.swift */; };
		74AD84A120588F1100A0A547 /* MainPageCell.swift in Sources */ = {isa = PBXBuildFile; fileRef = 74AD849C20588F1100A0A547 /* MainPageCell.swift */; };
		74AD84A320588F1100A0A547 /* OtherPageCell.swift in Sources */ = {isa = PBXBuildFile; fileRef = 74AD849E20588F1100A0A547 /* OtherPageCell.swift */; };
		74AD84A420588F1100A0A547 /* SwipeController.swift in Sources */ = {isa = PBXBuildFile; fileRef = 74AD849F20588F1100A0A547 /* SwipeController.swift */; };
		74AD84A820588F4700A0A547 /* GoalPageCell.swift in Sources */ = {isa = PBXBuildFile; fileRef = 74AD84A620588F4700A0A547 /* GoalPageCell.swift */; };
		74AD84B02058909400A0A547 /* PickerController.swift in Sources */ = {isa = PBXBuildFile; fileRef = 74AD84AF2058909400A0A547 /* PickerController.swift */; };
		74AD84B2205890BE00A0A547 /* Persistence.swift in Sources */ = {isa = PBXBuildFile; fileRef = 74AD84B1205890BE00A0A547 /* Persistence.swift */; };
		EBAFA10ED19F59803FA92425 /* Pods_KeepFit.framework in Frameworks */ = {isa = PBXBuildFile; fileRef = 13426CA4F2B715FAF590CB80 /* Pods_KeepFit.framework */; };
/* End PBXBuildFile section */

/* Begin PBXFileReference section */
		13426CA4F2B715FAF590CB80 /* Pods_KeepFit.framework */ = {isa = PBXFileReference; explicitFileType = wrapper.framework; includeInIndex = 0; path = Pods_KeepFit.framework; sourceTree = BUILT_PRODUCTS_DIR; };
		184EB68C8E2CD8A39A1884DE /* Pods-KeepFit.debug.xcconfig */ = {isa = PBXFileReference; includeInIndex = 1; lastKnownFileType = text.xcconfig; name = "Pods-KeepFit.debug.xcconfig"; path = "Pods/Target Support Files/Pods-KeepFit/Pods-KeepFit.debug.xcconfig"; sourceTree = "<group>"; };
		740B484120588C5800A839B6 /* Goal+CoreDataProperties.swift */ = {isa = PBXFileReference; fileEncoding = 4; lastKnownFileType = sourcecode.swift; path = "Goal+CoreDataProperties.swift"; sourceTree = "<group>"; };
		740B484220588C5800A839B6 /* Goal+CoreDataClass.swift */ = {isa = PBXFileReference; fileEncoding = 4; lastKnownFileType = sourcecode.swift; path = "Goal+CoreDataClass.swift"; sourceTree = "<group>"; };
		746AB06020588BCA00D624CE /* KeepFit.app */ = {isa = PBXFileReference; explicitFileType = wrapper.application; includeInIndex = 0; path = KeepFit.app; sourceTree = BUILT_PRODUCTS_DIR; };
		746AB06320588BCA00D624CE /* AppDelegate.swift */ = {isa = PBXFileReference; lastKnownFileType = sourcecode.swift; path = AppDelegate.swift; sourceTree = "<group>"; };
		746AB06B20588BCA00D624CE /* KeepFit.xcdatamodel */ = {isa = PBXFileReference; lastKnownFileType = wrapper.xcdatamodel; path = KeepFit.xcdatamodel; sourceTree = "<group>"; };
		746AB06D20588BCA00D624CE /* Assets.xcassets */ = {isa = PBXFileReference; lastKnownFileType = folder.assetcatalog; path = Assets.xcassets; sourceTree = "<group>"; };
		746AB07020588BCA00D624CE /* Base */ = {isa = PBXFileReference; lastKnownFileType = file.storyboard; name = Base; path = Base.lproj/LaunchScreen.storyboard; sourceTree = "<group>"; };
		746AB07220588BCA00D624CE /* Info.plist */ = {isa = PBXFileReference; lastKnownFileType = text.plist.xml; path = Info.plist; sourceTree = "<group>"; };
		748E1C1A205999F50058C971 /* GoalTableControler.swift */ = {isa = PBXFileReference; lastKnownFileType = sourcecode.swift; path = GoalTableControler.swift; sourceTree = "<group>"; };
		74AD849B20588F1100A0A547 /* HistoryPageCell.swift */ = {isa = PBXFileReference; fileEncoding = 4; lastKnownFileType = sourcecode.swift; path = HistoryPageCell.swift; sourceTree = "<group>"; };
		74AD849C20588F1100A0A547 /* MainPageCell.swift */ = {isa = PBXFileReference; fileEncoding = 4; lastKnownFileType = sourcecode.swift; path = MainPageCell.swift; sourceTree = "<group>"; };
		74AD849E20588F1100A0A547 /* OtherPageCell.swift */ = {isa = PBXFileReference; fileEncoding = 4; lastKnownFileType = sourcecode.swift; path = OtherPageCell.swift; sourceTree = "<group>"; };
		74AD849F20588F1100A0A547 /* SwipeController.swift */ = {isa = PBXFileReference; fileEncoding = 4; lastKnownFileType = sourcecode.swift; path = SwipeController.swift; sourceTree = "<group>"; };
		74AD84A620588F4700A0A547 /* GoalPageCell.swift */ = {isa = PBXFileReference; lastKnownFileType = sourcecode.swift; name = GoalPageCell.swift; path = /Users/vlady/Documents/GitHub/KeepFit/KeepFit/GoalPage/GoalPageCell.swift; sourceTree = "<absolute>"; };
		74AD84AF2058909400A0A547 /* PickerController.swift */ = {isa = PBXFileReference; fileEncoding = 4; lastKnownFileType = sourcecode.swift; name = PickerController.swift; path = KeepFit/PickerController.swift; sourceTree = SOURCE_ROOT; };
		74AD84B1205890BE00A0A547 /* Persistence.swift */ = {isa = PBXFileReference; lastKnownFileType = sourcecode.swift; path = Persistence.swift; sourceTree = "<group>"; };
		88292D7024D1D4B0A90AE7F3 /* Pods-KeepFit.release.xcconfig */ = {isa = PBXFileReference; includeInIndex = 1; lastKnownFileType = text.xcconfig; name = "Pods-KeepFit.release.xcconfig"; path = "Pods/Target Support Files/Pods-KeepFit/Pods-KeepFit.release.xcconfig"; sourceTree = "<group>"; };
/* End PBXFileReference section */

/* Begin PBXFrameworksBuildPhase section */
		746AB05D20588BCA00D624CE /* Frameworks */ = {
			isa = PBXFrameworksBuildPhase;
			buildActionMask = 2147483647;
			files = (
				EBAFA10ED19F59803FA92425 /* Pods_KeepFit.framework in Frameworks */,
			);
			runOnlyForDeploymentPostprocessing = 0;
		};
/* End PBXFrameworksBuildPhase section */

/* Begin PBXGroup section */
		055307C7D24D3FBF5315C71F /* Pods */ = {
			isa = PBXGroup;
			children = (
				184EB68C8E2CD8A39A1884DE /* Pods-KeepFit.debug.xcconfig */,
				88292D7024D1D4B0A90AE7F3 /* Pods-KeepFit.release.xcconfig */,
			);
			name = Pods;
			sourceTree = "<group>";
		};
		2DFCEE455B66958EC3D28D5C /* Frameworks */ = {
			isa = PBXGroup;
			children = (
				13426CA4F2B715FAF590CB80 /* Pods_KeepFit.framework */,
			);
			name = Frameworks;
			sourceTree = "<group>";
		};
		746AB05720588BCA00D624CE = {
			isa = PBXGroup;
			children = (
				746AB06220588BCA00D624CE /* KeepFit */,
				746AB06120588BCA00D624CE /* Products */,
				055307C7D24D3FBF5315C71F /* Pods */,
				2DFCEE455B66958EC3D28D5C /* Frameworks */,
			);
			sourceTree = "<group>";
		};
		746AB06120588BCA00D624CE /* Products */ = {
			isa = PBXGroup;
			children = (
				746AB06020588BCA00D624CE /* KeepFit.app */,
			);
			name = Products;
			sourceTree = "<group>";
		};
		746AB06220588BCA00D624CE /* KeepFit */ = {
			isa = PBXGroup;
			children = (
				74AD84AA20588FB800A0A547 /* Main */,
				740B484220588C5800A839B6 /* Goal+CoreDataClass.swift */,
				740B484120588C5800A839B6 /* Goal+CoreDataProperties.swift */,
				746AB06320588BCA00D624CE /* AppDelegate.swift */,
				746AB06D20588BCA00D624CE /* Assets.xcassets */,
				746AB06F20588BCA00D624CE /* LaunchScreen.storyboard */,
				746AB07220588BCA00D624CE /* Info.plist */,
				746AB06A20588BCA00D624CE /* KeepFit.xcdatamodeld */,
				74AD84B1205890BE00A0A547 /* Persistence.swift */,
			);
			path = KeepFit;
			sourceTree = "<group>";
		};
		74AD84AA20588FB800A0A547 /* Main */ = {
			isa = PBXGroup;
			children = (
				74AD84AB20588FC300A0A547 /* GoalPage */,
				74AD849B20588F1100A0A547 /* HistoryPageCell.swift */,
				74AD84AC20588FD300A0A547 /* MainPage */,
				74AD849E20588F1100A0A547 /* OtherPageCell.swift */,
				74AD849F20588F1100A0A547 /* SwipeController.swift */,
			);
			name = Main;
			sourceTree = "<group>";
		};
		74AD84AB20588FC300A0A547 /* GoalPage */ = {
			isa = PBXGroup;
			children = (
				74AD84A620588F4700A0A547 /* GoalPageCell.swift */,
				748E1C1A205999F50058C971 /* GoalTableControler.swift */,
			);
			path = GoalPage;
			sourceTree = "<group>";
		};
		74AD84AC20588FD300A0A547 /* MainPage */ = {
			isa = PBXGroup;
			children = (
				74AD84AF2058909400A0A547 /* PickerController.swift */,
				74AD849C20588F1100A0A547 /* MainPageCell.swift */,
			);
			path = MainPage;
			sourceTree = "<group>";
		};
/* End PBXGroup section */

/* Begin PBXNativeTarget section */
		746AB05F20588BCA00D624CE /* KeepFit */ = {
			isa = PBXNativeTarget;
			buildConfigurationList = 746AB07520588BCA00D624CE /* Build configuration list for PBXNativeTarget "KeepFit" */;
			buildPhases = (
				051BCEDBE4E1543D99AEEBA9 /* [CP] Check Pods Manifest.lock */,
				746AB05C20588BCA00D624CE /* Sources */,
				746AB05D20588BCA00D624CE /* Frameworks */,
				746AB05E20588BCA00D624CE /* Resources */,
				F4527E6183A3DA071A8052C4 /* [CP] Embed Pods Frameworks */,
				48807FEE94B4E84693837AC8 /* [CP] Copy Pods Resources */,
			);
			buildRules = (
			);
			dependencies = (
			);
			name = KeepFit;
			productName = KeepFit;
			productReference = 746AB06020588BCA00D624CE /* KeepFit.app */;
			productType = "com.apple.product-type.application";
		};
/* End PBXNativeTarget section */

/* Begin PBXProject section */
		746AB05820588BCA00D624CE /* Project object */ = {
			isa = PBXProject;
			attributes = {
				LastSwiftUpdateCheck = 0920;
				LastUpgradeCheck = 0920;
				ORGANIZATIONNAME = "Vlady Veselinov";
				TargetAttributes = {
					746AB05F20588BCA00D624CE = {
						CreatedOnToolsVersion = 9.2;
						ProvisioningStyle = Automatic;
					};
				};
			};
			buildConfigurationList = 746AB05B20588BCA00D624CE /* Build configuration list for PBXProject "KeepFit" */;
			compatibilityVersion = "Xcode 8.0";
			developmentRegion = en;
			hasScannedForEncodings = 0;
			knownRegions = (
				en,
				Base,
			);
			mainGroup = 746AB05720588BCA00D624CE;
			productRefGroup = 746AB06120588BCA00D624CE /* Products */;
			projectDirPath = "";
			projectRoot = "";
			targets = (
				746AB05F20588BCA00D624CE /* KeepFit */,
			);
		};
/* End PBXProject section */

/* Begin PBXResourcesBuildPhase section */
		746AB05E20588BCA00D624CE /* Resources */ = {
			isa = PBXResourcesBuildPhase;
			buildActionMask = 2147483647;
			files = (
				746AB07120588BCA00D624CE /* LaunchScreen.storyboard in Resources */,
				746AB06E20588BCA00D624CE /* Assets.xcassets in Resources */,
			);
			runOnlyForDeploymentPostprocessing = 0;
		};
/* End PBXResourcesBuildPhase section */

/* Begin PBXShellScriptBuildPhase section */
		051BCEDBE4E1543D99AEEBA9 /* [CP] Check Pods Manifest.lock */ = {
			isa = PBXShellScriptBuildPhase;
			buildActionMask = 2147483647;
			files = (
			);
			inputPaths = (
				"${PODS_PODFILE_DIR_PATH}/Podfile.lock",
				"${PODS_ROOT}/Manifest.lock",
			);
			name = "[CP] Check Pods Manifest.lock";
			outputPaths = (
				"$(DERIVED_FILE_DIR)/Pods-KeepFit-checkManifestLockResult.txt",
			);
			runOnlyForDeploymentPostprocessing = 0;
			shellPath = /bin/sh;
			shellScript = "diff \"${PODS_PODFILE_DIR_PATH}/Podfile.lock\" \"${PODS_ROOT}/Manifest.lock\" > /dev/null\nif [ $? != 0 ] ; then\n    # print error to STDERR\n    echo \"error: The sandbox is not in sync with the Podfile.lock. Run 'pod install' or update your CocoaPods installation.\" >&2\n    exit 1\nfi\n# This output is used by Xcode 'outputs' to avoid re-running this script phase.\necho \"SUCCESS\" > \"${SCRIPT_OUTPUT_FILE_0}\"\n";
			showEnvVarsInLog = 0;
		};
		48807FEE94B4E84693837AC8 /* [CP] Copy Pods Resources */ = {
			isa = PBXShellScriptBuildPhase;
			buildActionMask = 2147483647;
			files = (
			);
			inputPaths = (
			);
			name = "[CP] Copy Pods Resources";
			outputPaths = (
			);
			runOnlyForDeploymentPostprocessing = 0;
			shellPath = /bin/sh;
			shellScript = "\"${SRCROOT}/Pods/Target Support Files/Pods-KeepFit/Pods-KeepFit-resources.sh\"\n";
			showEnvVarsInLog = 0;
		};
		F4527E6183A3DA071A8052C4 /* [CP] Embed Pods Frameworks */ = {
			isa = PBXShellScriptBuildPhase;
			buildActionMask = 2147483647;
			files = (
			);
			inputPaths = (
				"${SRCROOT}/Pods/Target Support Files/Pods-KeepFit/Pods-KeepFit-frameworks.sh",
				"${BUILT_PRODUCTS_DIR}/SwipeCellKit/SwipeCellKit.framework",
			);
			name = "[CP] Embed Pods Frameworks";
			outputPaths = (
				"${TARGET_BUILD_DIR}/${FRAMEWORKS_FOLDER_PATH}/SwipeCellKit.framework",
			);
			runOnlyForDeploymentPostprocessing = 0;
			shellPath = /bin/sh;
			shellScript = "\"${SRCROOT}/Pods/Target Support Files/Pods-KeepFit/Pods-KeepFit-frameworks.sh\"\n";
			showEnvVarsInLog = 0;
		};
/* End PBXShellScriptBuildPhase section */

/* Begin PBXSourcesBuildPhase section */
		746AB05C20588BCA00D624CE /* Sources */ = {
			isa = PBXSourcesBuildPhase;
			buildActionMask = 2147483647;
			files = (
				74AD84A320588F1100A0A547 /* OtherPageCell.swift in Sources */,
				74AD84B2205890BE00A0A547 /* Persistence.swift in Sources */,
				74AD84A820588F4700A0A547 /* GoalPageCell.swift in Sources */,
				74AD84B02058909400A0A547 /* PickerController.swift in Sources */,
				740B484620588C5800A839B6 /* Goal+CoreDataProperties.swift in Sources */,
				740B484720588C5800A839B6 /* Goal+CoreDataClass.swift in Sources */,
				748E1C1B205999F50058C971 /* GoalTableControler.swift in Sources */,
				746AB06420588BCA00D624CE /* AppDelegate.swift in Sources */,
				74AD84A020588F1100A0A547 /* HistoryPageCell.swift in Sources */,
				746AB06C20588BCA00D624CE /* KeepFit.xcdatamodeld in Sources */,
				74AD84A420588F1100A0A547 /* SwipeController.swift in Sources */,
				74AD84A120588F1100A0A547 /* MainPageCell.swift in Sources */,
			);
			runOnlyForDeploymentPostprocessing = 0;
		};
/* End PBXSourcesBuildPhase section */

/* Begin PBXVariantGroup section */
		746AB06F20588BCA00D624CE /* LaunchScreen.storyboard */ = {
			isa = PBXVariantGroup;
			children = (
				746AB07020588BCA00D624CE /* Base */,
			);
			name = LaunchScreen.storyboard;
			sourceTree = "<group>";
		};
/* End PBXVariantGroup section */

/* Begin XCBuildConfiguration section */
		746AB07320588BCA00D624CE /* Debug */ = {
			isa = XCBuildConfiguration;
			buildSettings = {
				ALWAYS_SEARCH_USER_PATHS = NO;
				CLANG_ANALYZER_NONNULL = YES;
				CLANG_ANALYZER_NUMBER_OBJECT_CONVERSION = YES_AGGRESSIVE;
				CLANG_CXX_LANGUAGE_STANDARD = "gnu++14";
				CLANG_CXX_LIBRARY = "libc++";
				CLANG_ENABLE_MODULES = YES;
				CLANG_ENABLE_OBJC_ARC = YES;
				CLANG_WARN_BLOCK_CAPTURE_AUTORELEASING = YES;
				CLANG_WARN_BOOL_CONVERSION = YES;
				CLANG_WARN_COMMA = YES;
				CLANG_WARN_CONSTANT_CONVERSION = YES;
				CLANG_WARN_DIRECT_OBJC_ISA_USAGE = YES_ERROR;
				CLANG_WARN_DOCUMENTATION_COMMENTS = YES;
				CLANG_WARN_EMPTY_BODY = YES;
				CLANG_WARN_ENUM_CONVERSION = YES;
				CLANG_WARN_INFINITE_RECURSION = YES;
				CLANG_WARN_INT_CONVERSION = YES;
				CLANG_WARN_NON_LITERAL_NULL_CONVERSION = YES;
				CLANG_WARN_OBJC_LITERAL_CONVERSION = YES;
				CLANG_WARN_OBJC_ROOT_CLASS = YES_ERROR;
				CLANG_WARN_RANGE_LOOP_ANALYSIS = YES;
				CLANG_WARN_STRICT_PROTOTYPES = YES;
				CLANG_WARN_SUSPICIOUS_MOVE = YES;
				CLANG_WARN_UNGUARDED_AVAILABILITY = YES_AGGRESSIVE;
				CLANG_WARN_UNREACHABLE_CODE = YES;
				CLANG_WARN__DUPLICATE_METHOD_MATCH = YES;
				CODE_SIGN_IDENTITY = "iPhone Developer";
				COPY_PHASE_STRIP = NO;
				DEBUG_INFORMATION_FORMAT = dwarf;
				ENABLE_STRICT_OBJC_MSGSEND = YES;
				ENABLE_TESTABILITY = YES;
				GCC_C_LANGUAGE_STANDARD = gnu11;
				GCC_DYNAMIC_NO_PIC = NO;
				GCC_NO_COMMON_BLOCKS = YES;
				GCC_OPTIMIZATION_LEVEL = 0;
				GCC_PREPROCESSOR_DEFINITIONS = (
					"DEBUG=1",
					"$(inherited)",
				);
				GCC_WARN_64_TO_32_BIT_CONVERSION = YES;
				GCC_WARN_ABOUT_RETURN_TYPE = YES_ERROR;
				GCC_WARN_UNDECLARED_SELECTOR = YES;
				GCC_WARN_UNINITIALIZED_AUTOS = YES_AGGRESSIVE;
				GCC_WARN_UNUSED_FUNCTION = YES;
				GCC_WARN_UNUSED_VARIABLE = YES;
				IPHONEOS_DEPLOYMENT_TARGET = 11.2;
				MTL_ENABLE_DEBUG_INFO = YES;
				ONLY_ACTIVE_ARCH = YES;
				SDKROOT = iphoneos;
				SWIFT_ACTIVE_COMPILATION_CONDITIONS = DEBUG;
				SWIFT_OPTIMIZATION_LEVEL = "-Onone";
			};
			name = Debug;
		};
		746AB07420588BCA00D624CE /* Release */ = {
			isa = XCBuildConfiguration;
			buildSettings = {
				ALWAYS_SEARCH_USER_PATHS = NO;
				CLANG_ANALYZER_NONNULL = YES;
				CLANG_ANALYZER_NUMBER_OBJECT_CONVERSION = YES_AGGRESSIVE;
				CLANG_CXX_LANGUAGE_STANDARD = "gnu++14";
				CLANG_CXX_LIBRARY = "libc++";
				CLANG_ENABLE_MODULES = YES;
				CLANG_ENABLE_OBJC_ARC = YES;
				CLANG_WARN_BLOCK_CAPTURE_AUTORELEASING = YES;
				CLANG_WARN_BOOL_CONVERSION = YES;
				CLANG_WARN_COMMA = YES;
				CLANG_WARN_CONSTANT_CONVERSION = YES;
				CLANG_WARN_DIRECT_OBJC_ISA_USAGE = YES_ERROR;
				CLANG_WARN_DOCUMENTATION_COMMENTS = YES;
				CLANG_WARN_EMPTY_BODY = YES;
				CLANG_WARN_ENUM_CONVERSION = YES;
				CLANG_WARN_INFINITE_RECURSION = YES;
				CLANG_WARN_INT_CONVERSION = YES;
				CLANG_WARN_NON_LITERAL_NULL_CONVERSION = YES;
				CLANG_WARN_OBJC_LITERAL_CONVERSION = YES;
				CLANG_WARN_OBJC_ROOT_CLASS = YES_ERROR;
				CLANG_WARN_RANGE_LOOP_ANALYSIS = YES;
				CLANG_WARN_STRICT_PROTOTYPES = YES;
				CLANG_WARN_SUSPICIOUS_MOVE = YES;
				CLANG_WARN_UNGUARDED_AVAILABILITY = YES_AGGRESSIVE;
				CLANG_WARN_UNREACHABLE_CODE = YES;
				CLANG_WARN__DUPLICATE_METHOD_MATCH = YES;
				CODE_SIGN_IDENTITY = "iPhone Developer";
				COPY_PHASE_STRIP = NO;
				DEBUG_INFORMATION_FORMAT = "dwarf-with-dsym";
				ENABLE_NS_ASSERTIONS = NO;
				ENABLE_STRICT_OBJC_MSGSEND = YES;
				GCC_C_LANGUAGE_STANDARD = gnu11;
				GCC_NO_COMMON_BLOCKS = YES;
				GCC_WARN_64_TO_32_BIT_CONVERSION = YES;
				GCC_WARN_ABOUT_RETURN_TYPE = YES_ERROR;
				GCC_WARN_UNDECLARED_SELECTOR = YES;
				GCC_WARN_UNINITIALIZED_AUTOS = YES_AGGRESSIVE;
				GCC_WARN_UNUSED_FUNCTION = YES;
				GCC_WARN_UNUSED_VARIABLE = YES;
				IPHONEOS_DEPLOYMENT_TARGET = 11.2;
				MTL_ENABLE_DEBUG_INFO = NO;
				SDKROOT = iphoneos;
				SWIFT_OPTIMIZATION_LEVEL = "-Owholemodule";
				VALIDATE_PRODUCT = YES;
			};
			name = Release;
		};
		746AB07620588BCA00D624CE /* Debug */ = {
			isa = XCBuildConfiguration;
			baseConfigurationReference = 184EB68C8E2CD8A39A1884DE /* Pods-KeepFit.debug.xcconfig */;
			buildSettings = {
				ASSETCATALOG_COMPILER_APPICON_NAME = AppIcon;
				CODE_SIGN_STYLE = Automatic;
				DEVELOPMENT_TEAM = 73E7VHNUEY;
				INFOPLIST_FILE = KeepFit/Info.plist;
				LD_RUNPATH_SEARCH_PATHS = "$(inherited) @executable_path/Frameworks";
				PRODUCT_BUNDLE_IDENTIFIER = com.vlady.KeepFit;
				PRODUCT_NAME = "$(TARGET_NAME)";
				SWIFT_VERSION = 4.0;
				TARGETED_DEVICE_FAMILY = "1,2";
			};
			name = Debug;
		};
		746AB07720588BCA00D624CE /* Release */ = {
			isa = XCBuildConfiguration;
			baseConfigurationReference = 88292D7024D1D4B0A90AE7F3 /* Pods-KeepFit.release.xcconfig */;
			buildSettings = {
				ASSETCATALOG_COMPILER_APPICON_NAME = AppIcon;
				CODE_SIGN_STYLE = Automatic;
				DEVELOPMENT_TEAM = 73E7VHNUEY;
				INFOPLIST_FILE = KeepFit/Info.plist;
				LD_RUNPATH_SEARCH_PATHS = "$(inherited) @executable_path/Frameworks";
				PRODUCT_BUNDLE_IDENTIFIER = com.vlady.KeepFit;
				PRODUCT_NAME = "$(TARGET_NAME)";
				SWIFT_VERSION = 4.0;
				TARGETED_DEVICE_FAMILY = "1,2";
			};
			name = Release;
		};
/* End XCBuildConfiguration section */

/* Begin XCConfigurationList section */
		746AB05B20588BCA00D624CE /* Build configuration list for PBXProject "KeepFit" */ = {
			isa = XCConfigurationList;
			buildConfigurations = (
				746AB07320588BCA00D624CE /* Debug */,
				746AB07420588BCA00D624CE /* Release */,
			);
			defaultConfigurationIsVisible = 0;
			defaultConfigurationName = Release;
		};
		746AB07520588BCA00D624CE /* Build configuration list for PBXNativeTarget "KeepFit" */ = {
			isa = XCConfigurationList;
			buildConfigurations = (
				746AB07620588BCA00D624CE /* Debug */,
				746AB07720588BCA00D624CE /* Release */,
			);
			defaultConfigurationIsVisible = 0;
			defaultConfigurationName = Release;
		};
/* End XCConfigurationList section */

/* Begin XCVersionGroup section */
		746AB06A20588BCA00D624CE /* KeepFit.xcdatamodeld */ = {
			isa = XCVersionGroup;
			children = (
				746AB06B20588BCA00D624CE /* KeepFit.xcdatamodel */,
			);
			currentVersion = 746AB06B20588BCA00D624CE /* KeepFit.xcdatamodel */;
			path = KeepFit.xcdatamodeld;
			sourceTree = "<group>";
			versionGroupType = wrapper.xcdatamodel;
		};
/* End XCVersionGroup section */
	};
	rootObject = 746AB05820588BCA00D624CE /* Project object */;
}
